# Generated by pub
# See https://dart.dev/tools/pub/glossary#lockfile
packages:
  sprintf:
    dependency: "direct main"
    description:
      name: sprintf
      sha256: "1fc9ffe69d4df602376b52949af107d8f5703b77cda567c4d7d86a0693120f23"
      url: "https://pub.dev"
    source: hosted
    version: "7.0.0"
sdks:
  dart: ">=3.5.3 <4.0.0"
